{
  "version": "4",
  "specifiers": {
    "jsr:@openai/openai@4.98.0": "4.98.0",
    "npm:@types/node@*": "22.12.0"
  },
  "jsr": {
    "@openai/openai@4.98.0": {
      "integrity": "c3f1b428c2529713f20d5f66b34eea9f9e2d3f5822f12a84ff561b4b80ecbc9f"
    }
  },
  "npm": {
    "@types/node@22.12.0": {
      "integrity": "sha512-Fll2FZ1riMjNmlmJOdAyY5pUbkftXslB5DgEzlIuNaiWhXd00FhWxVC/r4yV/4wBb9JfImTu+jiSvXTkJ7F/gA==",
      "dependencies": [
        "undici-types"
      ]
    },
    "undici-types@6.20.0": {
      "integrity": "sha512-Ny6QZ2Nju20vw1SRHe3d9jVu6gJ+4e3+MMpqu7pqE5HT6WsTSlce++GQmK5UXS8mzV8DSYHrQH+Xrf2jVcuKNg=="
    }
  }
}
